{
	"name": "libsodium-test",
	"version": "1.0.0",
	"lockfileVersion": 1,
	"requires": true,
	"dependencies": {
		"nan": {
			"version": "2.11.1",
			"resolved": "https://registry.npmjs.org/nan/-/nan-2.11.1.tgz",
			"integrity": "sha512-iji6k87OSXa0CcrLl9z+ZiYSuR2o+c0bGuNmXdrhTQTakxytAFsC56SArGYoiHlJlFoHSnvmhpceZJaXkVuOtA=="
		},
		"sodium": {
			"version": "2.0.3",
			"resolved": "https://registry.npmjs.org/sodium/-/sodium-2.0.3.tgz",
			"integrity": "sha512-/z1tdOf+tn+MZr6uiKno709w2V5LwqukNWxOWi6NiSBia5E7Fp33f3CUHtCIR2184DEylytXdTZNryQUQwNKkQ==",
			"requires": {
				"nan": "^2.8.0"
			}
		}
	}
}
